
Microsoft Visual Studio Solution File, Format Version 12.00
# Visual Studio Version 17
VisualStudioVersion = 17.5.33627.172
MinimumVisualStudioVersion = 10.0.40219.1
Project("{9A19103F-16F7-4668-BE54-9A1E7A4F7556}") = "Cake", "Cake\Cake.csproj", "{2A552657-5F22-408B-B00E-E1442EE6C2F9}"
EndProject
Global
	GlobalSection(SolutionConfigurationPlatforms) = preSolution
		Debug|Any CPU = Debug|Any CPU
		Release|Any CPU = Release|Any CPU
	EndGlobalSection
	GlobalSection(ProjectConfigurationPlatforms) = postSolution
		{2A552657-5F22-408B-B00E-E1442EE6C2F9}.Debug|Any CPU.ActiveCfg = Debug|Any CPU
		{2A552657-5F22-408B-B00E-E1442EE6C2F9}.Debug|Any CPU.Build.0 = Debug|Any CPU
		{2A552657-5F22-408B-B00E-E1442EE6C2F9}.Release|Any CPU.ActiveCfg = Release|Any CPU
		{2A552657-5F22-408B-B00E-E1442EE6C2F9}.Release|Any CPU.Build.0 = Release|Any CPU
	EndGlobalSection
	GlobalSection(SolutionProperties) = preSolution
		HideSolutionNode = FALSE
	EndGlobalSection
	GlobalSection(ExtensibilityGlobals) = postSolution
		SolutionGuid = {EC15ADBB-F296-453C-B356-4C2EC1B21783}
	EndGlobalSection
EndGlobal
